// !$*UTF8*$!
{
	archiveVersion = 1;
	classes = {
	};
	objectVersion = 46;
	objects = {

/* Begin PBXBuildFile section */
		B1EB7052175D195A0091A101 /* Cocoa.framework in Frameworks */ = {isa = PBXBuildFile; fileRef = B1EB7051175D195A0091A101 /* Cocoa.framework */; };
		B1EB705C175D195A0091A101 /* InfoPlist.strings in Resources */ = {isa = PBXBuildFile; fileRef = B1EB705A175D195A0091A101 /* InfoPlist.strings */; };
		B1EB705E175D195A0091A101 /* main.m in Sources */ = {isa = PBXBuildFile; fileRef = B1EB705D175D195A0091A101 /* main.m */; };
		B1EB7062175D195A0091A101 /* Credits.rtf in Resources */ = {isa = PBXBuildFile; fileRef = B1EB7060175D195A0091A101 /* Credits.rtf */; };
		B1EB7065175D195A0091A101 /* AppDelegate.m in Sources */ = {isa = PBXBuildFile; fileRef = B1EB7064175D195A0091A101 /* AppDelegate.m */; };
		B1EB7068175D195A0091A101 /* MainMenu.xib in Resources */ = {isa = PBXBuildFile; fileRef = B1EB7066175D195A0091A101 /* MainMenu.xib */; };
		B1EB707E175D1D8A0091A101 /* BadIcon.png in Resources */ = {isa = PBXBuildFile; fileRef = B1EB707C175D1D8A0091A101 /* BadIcon.png */; };
		B1EB707F175D1D8A0091A101 /* GoodIcon.png in Resources */ = {isa = PBXBuildFile; fileRef = B1EB707D175D1D8A0091A101 /* GoodIcon.png */; };
/* End PBXBuildFile section */

/* Begin PBXFileReference section */
		B1EB704D175D195A0091A101 /* Google Spell Check.app */ = {isa = PBXFileReference; explicitFileType = wrapper.application; includeInIndex = 0; path = "Google Spell Check.app"; sourceTree = BUILT_PRODUCTS_DIR; };
		B1EB7051175D195A0091A101 /* Cocoa.framework */ = {isa = PBXFileReference; lastKnownFileType = wrapper.framework; name = Cocoa.framework; path = System/Library/Frameworks/Cocoa.framework; sourceTree = SDKROOT; };
		B1EB7054175D195A0091A101 /* AppKit.framework */ = {isa = PBXFileReference; lastKnownFileType = wrapper.framework; name = AppKit.framework; path = System/Library/Frameworks/AppKit.framework; sourceTree = SDKROOT; };
		B1EB7055175D195A0091A101 /* CoreData.framework */ = {isa = PBXFileReference; lastKnownFileType = wrapper.framework; name = CoreData.framework; path = System/Library/Frameworks/CoreData.framework; sourceTree = SDKROOT; };
		B1EB7056175D195A0091A101 /* Foundation.framework */ = {isa = PBXFileReference; lastKnownFileType = wrapper.framework; name = Foundation.framework; path = System/Library/Frameworks/Foundation.framework; sourceTree = SDKROOT; };
		B1EB7059175D195A0091A101 /* Google Spell Check-Info.plist */ = {isa = PBXFileReference; lastKnownFileType = text.plist.xml; path = "Google Spell Check-Info.plist"; sourceTree = "<group>"; };
		B1EB705B175D195A0091A101 /* en */ = {isa = PBXFileReference; lastKnownFileType = text.plist.strings; name = en; path = en.lproj/InfoPlist.strings; sourceTree = "<group>"; };
		B1EB705D175D195A0091A101 /* main.m */ = {isa = PBXFileReference; lastKnownFileType = sourcecode.c.objc; path = main.m; sourceTree = "<group>"; };
		B1EB705F175D195A0091A101 /* Google Spell Check-Prefix.pch */ = {isa = PBXFileReference; lastKnownFileType = sourcecode.c.h; path = "Google Spell Check-Prefix.pch"; sourceTree = "<group>"; };
		B1EB7061175D195A0091A101 /* en */ = {isa = PBXFileReference; lastKnownFileType = text.rtf; name = en; path = en.lproj/Credits.rtf; sourceTree = "<group>"; };
		B1EB7063175D195A0091A101 /* AppDelegate.h */ = {isa = PBXFileReference; lastKnownFileType = sourcecode.c.h; path = AppDelegate.h; sourceTree = "<group>"; };
		B1EB7064175D195A0091A101 /* AppDelegate.m */ = {isa = PBXFileReference; lastKnownFileType = sourcecode.c.objc; path = AppDelegate.m; sourceTree = "<group>"; };
		B1EB7067175D195A0091A101 /* en */ = {isa = PBXFileReference; lastKnownFileType = file.xib; name = en; path = en.lproj/MainMenu.xib; sourceTree = "<group>"; };
		B1EB707C175D1D8A0091A101 /* BadIcon.png */ = {isa = PBXFileReference; lastKnownFileType = image.png; path = BadIcon.png; sourceTree = "<group>"; };
		B1EB707D175D1D8A0091A101 /* GoodIcon.png */ = {isa = PBXFileReference; lastKnownFileType = image.png; path = GoodIcon.png; sourceTree = "<group>"; };
/* End PBXFileReference section */

/* Begin PBXFrameworksBuildPhase section */
		B1EB704A175D195A0091A101 /* Frameworks */ = {
			isa = PBXFrameworksBuildPhase;
			buildActionMask = 2147483647;
			files = (
				B1EB7052175D195A0091A101 /* Cocoa.framework in Frameworks */,
			);
			runOnlyForDeploymentPostprocessing = 0;
		};
/* End PBXFrameworksBuildPhase section */

/* Begin PBXGroup section */
		B1EB7042175D195A0091A101 = {
			isa = PBXGroup;
			children = (
				B1EB707C175D1D8A0091A101 /* BadIcon.png */,
				B1EB707D175D1D8A0091A101 /* GoodIcon.png */,
				B1EB7057175D195A0091A101 /* Google Spell Check */,
				B1EB7050175D195A0091A101 /* Frameworks */,
				B1EB704E175D195A0091A101 /* Products */,
			);
			sourceTree = "<group>";
		};
		B1EB704E175D195A0091A101 /* Products */ = {
			isa = PBXGroup;
			children = (
				B1EB704D175D195A0091A101 /* Google Spell Check.app */,
			);
			name = Products;
			sourceTree = "<group>";
		};
		B1EB7050175D195A0091A101 /* Frameworks */ = {
			isa = PBXGroup;
			children = (
				B1EB7051175D195A0091A101 /* Cocoa.framework */,
				B1EB7053175D195A0091A101 /* Other Frameworks */,
			);
			name = Frameworks;
			sourceTree = "<group>";
		};
		B1EB7053175D195A0091A101 /* Other Frameworks */ = {
			isa = PBXGroup;
			children = (
				B1EB7054175D195A0091A101 /* AppKit.framework */,
				B1EB7055175D195A0091A101 /* CoreData.framework */,
				B1EB7056175D195A0091A101 /* Foundation.framework */,
			);
			name = "Other Frameworks";
			sourceTree = "<group>";
		};
		B1EB7057175D195A0091A101 /* Google Spell Check */ = {
			isa = PBXGroup;
			children = (
				B1EB7063175D195A0091A101 /* AppDelegate.h */,
				B1EB7064175D195A0091A101 /* AppDelegate.m */,
				B1EB7066175D195A0091A101 /* MainMenu.xib */,
				B1EB7058175D195A0091A101 /* Supporting Files */,
			);
			path = "Google Spell Check";
			sourceTree = "<group>";
		};
		B1EB7058175D195A0091A101 /* Supporting Files */ = {
			isa = PBXGroup;
			children = (
				B1EB7059175D195A0091A101 /* Google Spell Check-Info.plist */,
				B1EB705A175D195A0091A101 /* InfoPlist.strings */,
				B1EB705D175D195A0091A101 /* main.m */,
				B1EB705F175D195A0091A101 /* Google Spell Check-Prefix.pch */,
				B1EB7060175D195A0091A101 /* Credits.rtf */,
			);
			name = "Supporting Files";
			sourceTree = "<group>";
		};
/* End PBXGroup section */

/* Begin PBXNativeTarget section */
		B1EB704C175D195A0091A101 /* Google Spell Check */ = {
			isa = PBXNativeTarget;
			buildConfigurationList = B1EB706B175D195A0091A101 /* Build configuration list for PBXNativeTarget "Google Spell Check" */;
			buildPhases = (
				B1EB7049175D195A0091A101 /* Sources */,
				B1EB704A175D195A0091A101 /* Frameworks */,
				B1EB704B175D195A0091A101 /* Resources */,
			);
			buildRules = (
			);
			dependencies = (
			);
			name = "Google Spell Check";
			productName = "Google Spell Check";
			productReference = B1EB704D175D195A0091A101 /* Google Spell Check.app */;
			productType = "com.apple.product-type.application";
		};
/* End PBXNativeTarget section */

/* Begin PBXProject section */
		B1EB7044175D195A0091A101 /* Project object */ = {
			isa = PBXProject;
			attributes = {
				LastUpgradeCheck = 0450;
				ORGANIZATIONNAME = "Chris Ziraldo";
			};
			buildConfigurationList = B1EB7047175D195A0091A101 /* Build configuration list for PBXProject "Google Spell Check" */;
			compatibilityVersion = "Xcode 3.2";
			developmentRegion = English;
			hasScannedForEncodings = 0;
			knownRegions = (
				en,
			);
			mainGroup = B1EB7042175D195A0091A101;
			productRefGroup = B1EB704E175D195A0091A101 /* Products */;
			projectDirPath = "";
			projectRoot = "";
			targets = (
				B1EB704C175D195A0091A101 /* Google Spell Check */,
			);
		};
/* End PBXProject section */

/* Begin PBXResourcesBuildPhase section */
		B1EB704B175D195A0091A101 /* Resources */ = {
			isa = PBXResourcesBuildPhase;
			buildActionMask = 2147483647;
			files = (
				B1EB705C175D195A0091A101 /* InfoPlist.strings in Resources */,
				B1EB7062175D195A0091A101 /* Credits.rtf in Resources */,
				B1EB7068175D195A0091A101 /* MainMenu.xib in Resources */,
				B1EB707E175D1D8A0091A101 /* BadIcon.png in Resources */,
				B1EB707F175D1D8A0091A101 /* GoodIcon.png in Resources */,
			);
			runOnlyForDeploymentPostprocessing = 0;
		};
/* End PBXResourcesBuildPhase section */

/* Begin PBXSourcesBuildPhase section */
		B1EB7049175D195A0091A101 /* Sources */ = {
			isa = PBXSourcesBuildPhase;
			buildActionMask = 2147483647;
			files = (
				B1EB705E175D195A0091A101 /* main.m in Sources */,
				B1EB7065175D195A0091A101 /* AppDelegate.m in Sources */,
			);
			runOnlyForDeploymentPostprocessing = 0;
		};
/* End PBXSourcesBuildPhase section */

/* Begin PBXVariantGroup section */
		B1EB705A175D195A0091A101 /* InfoPlist.strings */ = {
			isa = PBXVariantGroup;
			children = (
				B1EB705B175D195A0091A101 /* en */,
			);
			name = InfoPlist.strings;
			sourceTree = "<group>";
		};
		B1EB7060175D195A0091A101 /* Credits.rtf */ = {
			isa = PBXVariantGroup;
			children = (
				B1EB7061175D195A0091A101 /* en */,
			);
			name = Credits.rtf;
			sourceTree = "<group>";
		};
		B1EB7066175D195A0091A101 /* MainMenu.xib */ = {
			isa = PBXVariantGroup;
			children = (
				B1EB7067175D195A0091A101 /* en */,
			);
			name = MainMenu.xib;
			sourceTree = "<group>";
		};
/* End PBXVariantGroup section */

/* Begin XCBuildConfiguration section */
		B1EB7069175D195A0091A101 /* Debug */ = {
			isa = XCBuildConfiguration;
			buildSettings = {
				ALWAYS_SEARCH_USER_PATHS = NO;
				ARCHS = "$(ARCHS_STANDARD_64_BIT)";
				CLANG_CXX_LANGUAGE_STANDARD = "gnu++0x";
				CLANG_CXX_LIBRARY = "libc++";
				CLANG_WARN_EMPTY_BODY = YES;
				CLANG_WARN__DUPLICATE_METHOD_MATCH = YES;
				COPY_PHASE_STRIP = NO;
				GCC_C_LANGUAGE_STANDARD = gnu99;
				GCC_DYNAMIC_NO_PIC = NO;
				GCC_ENABLE_OBJC_EXCEPTIONS = YES;
				GCC_OPTIMIZATION_LEVEL = 0;
				GCC_PREPROCESSOR_DEFINITIONS = (
					"DEBUG=1",
					"$(inherited)",
				);
				GCC_SYMBOLS_PRIVATE_EXTERN = NO;
				GCC_WARN_64_TO_32_BIT_CONVERSION = YES;
				GCC_WARN_ABOUT_RETURN_TYPE = YES;
				GCC_WARN_UNINITIALIZED_AUTOS = YES;
				GCC_WARN_UNUSED_VARIABLE = YES;
				MACOSX_DEPLOYMENT_TARGET = 10.8;
				ONLY_ACTIVE_ARCH = YES;
				SDKROOT = macosx;
			};
			name = Debug;
		};
		B1EB706A175D195A0091A101 /* Release */ = {
			isa = XCBuildConfiguration;
			buildSettings = {
				ALWAYS_SEARCH_USER_PATHS = NO;
				ARCHS = "$(ARCHS_STANDARD_64_BIT)";
				CLANG_CXX_LANGUAGE_STANDARD = "gnu++0x";
				CLANG_CXX_LIBRARY = "libc++";
				CLANG_WARN_EMPTY_BODY = YES;
				CLANG_WARN__DUPLICATE_METHOD_MATCH = YES;
				COPY_PHASE_STRIP = YES;
				DEBUG_INFORMATION_FORMAT = "dwarf-with-dsym";
				GCC_C_LANGUAGE_STANDARD = gnu99;
				GCC_ENABLE_OBJC_EXCEPTIONS = YES;
				GCC_WARN_64_TO_32_BIT_CONVERSION = YES;
				GCC_WARN_ABOUT_RETURN_TYPE = YES;
				GCC_WARN_UNINITIALIZED_AUTOS = YES;
				GCC_WARN_UNUSED_VARIABLE = YES;
				MACOSX_DEPLOYMENT_TARGET = 10.8;
				SDKROOT = macosx;
			};
			name = Release;
		};
		B1EB706C175D195A0091A101 /* Debug */ = {
			isa = XCBuildConfiguration;
			buildSettings = {
				COMBINE_HIDPI_IMAGES = YES;
				GCC_PRECOMPILE_PREFIX_HEADER = YES;
				GCC_PREFIX_HEADER = "Google Spell Check/Google Spell Check-Prefix.pch";
				INFOPLIST_FILE = "Google Spell Check/Google Spell Check-Info.plist";
				PRODUCT_NAME = "$(TARGET_NAME)";
				WRAPPER_EXTENSION = app;
			};
			name = Debug;
		};
		B1EB706D175D195A0091A101 /* Release */ = {
			isa = XCBuildConfiguration;
			buildSettings = {
				COMBINE_HIDPI_IMAGES = YES;
				GCC_PRECOMPILE_PREFIX_HEADER = YES;
				GCC_PREFIX_HEADER = "Google Spell Check/Google Spell Check-Prefix.pch";
				INFOPLIST_FILE = "Google Spell Check/Google Spell Check-Info.plist";
				PRODUCT_NAME = "$(TARGET_NAME)";
				WRAPPER_EXTENSION = app;
			};
			name = Release;
		};
/* End XCBuildConfiguration section */

/* Begin XCConfigurationList section */
		B1EB7047175D195A0091A101 /* Build configuration list for PBXProject "Google Spell Check" */ = {
			isa = XCConfigurationList;
			buildConfigurations = (
				B1EB7069175D195A0091A101 /* Debug */,
				B1EB706A175D195A0091A101 /* Release */,
			);
			defaultConfigurationIsVisible = 0;
			defaultConfigurationName = Release;
		};
		B1EB706B175D195A0091A101 /* Build configuration list for PBXNativeTarget "Google Spell Check" */ = {
			isa = XCConfigurationList;
			buildConfigurations = (
				B1EB706C175D195A0091A101 /* Debug */,
				B1EB706D175D195A0091A101 /* Release */,
			);
			defaultConfigurationIsVisible = 0;
			defaultConfigurationName = Release;
		};
/* End XCConfigurationList section */
	};
	rootObject = B1EB7044175D195A0091A101 /* Project object */;
}
